
Microsoft Visual Studio Solution File, Format Version 12.00
Project("{FAE04EC0-301F-11D3-BF4B-00C04F79EFBC}") = "ConsoleApp2", "ConsoleApp2\ConsoleApp2.csproj", "{634D9ECE-D9DC-44D8-831A-9848B1FF3B51}"
EndProject
Project("{FAE04EC0-301F-11D3-BF4B-00C04F79EFBC}") = "ConsoleApp2.Tests", "ConsoleApp2.Tests\ConsoleApp2.Tests.csproj", "{DAB96AB8-BE1E-44D2-9265-F5FAA90D76A9}"
EndProject
Global
	GlobalSection(SolutionConfigurationPlatforms) = preSolution
		Debug|Any CPU = Debug|Any CPU
		Release|Any CPU = Release|Any CPU
	EndGlobalSection
	GlobalSection(ProjectConfigurationPlatforms) = postSolution
		{634D9ECE-D9DC-44D8-831A-9848B1FF3B51}.Debug|Any CPU.ActiveCfg = Debug|Any CPU
		{634D9ECE-D9DC-44D8-831A-9848B1FF3B51}.Debug|Any CPU.Build.0 = Debug|Any CPU
		{634D9ECE-D9DC-44D8-831A-9848B1FF3B51}.Release|Any CPU.ActiveCfg = Release|Any CPU
		{634D9ECE-D9DC-44D8-831A-9848B1FF3B51}.Release|Any CPU.Build.0 = Release|Any CPU
		{DAB96AB8-BE1E-44D2-9265-F5FAA90D76A9}.Debug|Any CPU.ActiveCfg = Debug|Any CPU
		{DAB96AB8-BE1E-44D2-9265-F5FAA90D76A9}.Debug|Any CPU.Build.0 = Debug|Any CPU
		{DAB96AB8-BE1E-44D2-9265-F5FAA90D76A9}.Release|Any CPU.ActiveCfg = Release|Any CPU
		{DAB96AB8-BE1E-44D2-9265-F5FAA90D76A9}.Release|Any CPU.Build.0 = Release|Any CPU
	EndGlobalSection
EndGlobal
